
Microsoft Visual Studio Solution File, Format Version 12.00
# Visual Studio 15
VisualStudioVersion = 15.0.28307.1300
MinimumVisualStudioVersion = 10.0.40219.1
Project("{FAE04EC0-301F-11D3-BF4B-00C04F79EFBC}") = "ImageCrawler", "ImageCrawler\ImageCrawler.csproj", "{7A0A4FA0-5AD2-4311-8654-F3B7530E5DE3}"
EndProject
Global
	GlobalSection(SolutionConfigurationPlatforms) = preSolution
		Debug|Any CPU = Debug|Any CPU
		Release|Any CPU = Release|Any CPU
	EndGlobalSection
	GlobalSection(ProjectConfigurationPlatforms) = postSolution
		{7A0A4FA0-5AD2-4311-8654-F3B7530E5DE3}.Debug|Any CPU.ActiveCfg = Debug|Any CPU
		{7A0A4FA0-5AD2-4311-8654-F3B7530E5DE3}.Debug|Any CPU.Build.0 = Debug|Any CPU
		{7A0A4FA0-5AD2-4311-8654-F3B7530E5DE3}.Release|Any CPU.ActiveCfg = Release|Any CPU
		{7A0A4FA0-5AD2-4311-8654-F3B7530E5DE3}.Release|Any CPU.Build.0 = Release|Any CPU
	EndGlobalSection
	GlobalSection(SolutionProperties) = preSolution
		HideSolutionNode = FALSE
	EndGlobalSection
	GlobalSection(ExtensibilityGlobals) = postSolution
		SolutionGuid = {4B041771-9493-4699-9714-E1AF7401EAC4}
	EndGlobalSection
EndGlobal
